
Microsoft Visual Studio Solution File, Format Version 12.00
# Visual Studio Version 16
VisualStudioVersion = 16.0.34601.136
MinimumVisualStudioVersion = 10.0.40219.1
Project("{9A19103F-16F7-4668-BE54-9A1E7A4F7556}") = "Begining Project", "Beginimg Project\Begining Project.csproj", "{B3F9D2DE-28AC-4C37-BC47-16BA36E04D1B}"
EndProject
Project("{FAE04EC0-301F-11D3-BF4B-00C04F79EFBC}") = "L2Object", "L2Object\L2Object.csproj", "{2C9E7870-8CE6-43AE-927B-9FDE603A55E8}"
EndProject
Global
	GlobalSection(SolutionConfigurationPlatforms) = preSolution
		Debug|Any CPU = Debug|Any CPU
		Release|Any CPU = Release|Any CPU
	EndGlobalSection
	GlobalSection(ProjectConfigurationPlatforms) = postSolution
		{B3F9D2DE-28AC-4C37-BC47-16BA36E04D1B}.Debug|Any CPU.ActiveCfg = Debug|Any CPU
		{B3F9D2DE-28AC-4C37-BC47-16BA36E04D1B}.Debug|Any CPU.Build.0 = Debug|Any CPU
		{B3F9D2DE-28AC-4C37-BC47-16BA36E04D1B}.Release|Any CPU.ActiveCfg = Release|Any CPU
		{B3F9D2DE-28AC-4C37-BC47-16BA36E04D1B}.Release|Any CPU.Build.0 = Release|Any CPU
		{2C9E7870-8CE6-43AE-927B-9FDE603A55E8}.Debug|Any CPU.ActiveCfg = Debug|Any CPU
		{2C9E7870-8CE6-43AE-927B-9FDE603A55E8}.Debug|Any CPU.Build.0 = Debug|Any CPU
		{2C9E7870-8CE6-43AE-927B-9FDE603A55E8}.Release|Any CPU.ActiveCfg = Release|Any CPU
		{2C9E7870-8CE6-43AE-927B-9FDE603A55E8}.Release|Any CPU.Build.0 = Release|Any CPU
	EndGlobalSection
	GlobalSection(SolutionProperties) = preSolution
		HideSolutionNode = FALSE
	EndGlobalSection
	GlobalSection(ExtensibilityGlobals) = postSolution
		SolutionGuid = {BD9B3F1A-3FFA-4296-A157-43C63FC56AFD}
	EndGlobalSection
EndGlobal
